
Microsoft Visual Studio Solution File, Format Version 12.00
# Visual Studio Version 17
VisualStudioVersion = 17.3.32804.467
MinimumVisualStudioVersion = 10.0.40219.1
Project("{FAE04EC0-301F-11D3-BF4B-00C04F79EFBC}") = "LoginPanel", "LoginPanel\LoginPanel.csproj", "{9849B6EE-5BB4-44CC-BC19-9EFC52EEBD0A}"
EndProject
Global
	GlobalSection(SolutionConfigurationPlatforms) = preSolution
		Debug|Any CPU = Debug|Any CPU
		Release|Any CPU = Release|Any CPU
	EndGlobalSection
	GlobalSection(ProjectConfigurationPlatforms) = postSolution
		{9849B6EE-5BB4-44CC-BC19-9EFC52EEBD0A}.Debug|Any CPU.ActiveCfg = Debug|Any CPU
		{9849B6EE-5BB4-44CC-BC19-9EFC52EEBD0A}.Debug|Any CPU.Build.0 = Debug|Any CPU
		{9849B6EE-5BB4-44CC-BC19-9EFC52EEBD0A}.Release|Any CPU.ActiveCfg = Release|Any CPU
		{9849B6EE-5BB4-44CC-BC19-9EFC52EEBD0A}.Release|Any CPU.Build.0 = Release|Any CPU
	EndGlobalSection
	GlobalSection(SolutionProperties) = preSolution
		HideSolutionNode = FALSE
	EndGlobalSection
	GlobalSection(ExtensibilityGlobals) = postSolution
		SolutionGuid = {604909C8-E190-4EEE-853F-E54441811AE2}
	EndGlobalSection
EndGlobal
